
Microsoft Visual Studio Solution File, Format Version 12.00
# Visual Studio Version 16
VisualStudioVersion = 16.0.30804.86
MinimumVisualStudioVersion = 10.0.40219.1
Project("{FAE04EC0-301F-11D3-BF4B-00C04F79EFBC}") = "APIAngular", "APIAngular\APIAngular.csproj", "{4581F568-ED1D-4BCA-80EF-F143ECB20FC0}"
EndProject
Project("{FAE04EC0-301F-11D3-BF4B-00C04F79EFBC}") = "Core", "Core\Core.csproj", "{A1733B4F-0065-4E13-ACBF-D99F4CC649F6}"
EndProject
Project("{FAE04EC0-301F-11D3-BF4B-00C04F79EFBC}") = "Infrastructure", "Infrastructure\Infrastructure.csproj", "{4311DFED-1EBD-4DF0-942C-57D3F16D526D}"
EndProject
Global
	GlobalSection(SolutionConfigurationPlatforms) = preSolution
		Debug|Any CPU = Debug|Any CPU
		Release|Any CPU = Release|Any CPU
	EndGlobalSection
	GlobalSection(ProjectConfigurationPlatforms) = postSolution
		{4581F568-ED1D-4BCA-80EF-F143ECB20FC0}.Debug|Any CPU.ActiveCfg = Debug|Any CPU
		{4581F568-ED1D-4BCA-80EF-F143ECB20FC0}.Debug|Any CPU.Build.0 = Debug|Any CPU
		{4581F568-ED1D-4BCA-80EF-F143ECB20FC0}.Release|Any CPU.ActiveCfg = Release|Any CPU
		{4581F568-ED1D-4BCA-80EF-F143ECB20FC0}.Release|Any CPU.Build.0 = Release|Any CPU
		{A1733B4F-0065-4E13-ACBF-D99F4CC649F6}.Debug|Any CPU.ActiveCfg = Debug|Any CPU
		{A1733B4F-0065-4E13-ACBF-D99F4CC649F6}.Debug|Any CPU.Build.0 = Debug|Any CPU
		{A1733B4F-0065-4E13-ACBF-D99F4CC649F6}.Release|Any CPU.ActiveCfg = Release|Any CPU
		{A1733B4F-0065-4E13-ACBF-D99F4CC649F6}.Release|Any CPU.Build.0 = Release|Any CPU
		{4311DFED-1EBD-4DF0-942C-57D3F16D526D}.Debug|Any CPU.ActiveCfg = Debug|Any CPU
		{4311DFED-1EBD-4DF0-942C-57D3F16D526D}.Debug|Any CPU.Build.0 = Debug|Any CPU
		{4311DFED-1EBD-4DF0-942C-57D3F16D526D}.Release|Any CPU.ActiveCfg = Release|Any CPU
		{4311DFED-1EBD-4DF0-942C-57D3F16D526D}.Release|Any CPU.Build.0 = Release|Any CPU
	EndGlobalSection
	GlobalSection(SolutionProperties) = preSolution
		HideSolutionNode = FALSE
	EndGlobalSection
	GlobalSection(ExtensibilityGlobals) = postSolution
		SolutionGuid = {00769071-8753-4AE8-8C73-1A43C765C440}
	EndGlobalSection
EndGlobal
